
Microsoft Visual Studio Solution File, Format Version 12.00
# Visual Studio 15
VisualStudioVersion = 15.0.28307.271
MinimumVisualStudioVersion = 10.0.40219.1
Project("{FAE04EC0-301F-11D3-BF4B-00C04F79EFBC}") = "MyMovieSite", "MyMovieSite\MyMovieSite.csproj", "{5BE4C227-7199-4DA9-B7FA-77FDF3532025}"
EndProject
Global
	GlobalSection(SolutionConfigurationPlatforms) = preSolution
		Debug|Any CPU = Debug|Any CPU
		Release|Any CPU = Release|Any CPU
	EndGlobalSection
	GlobalSection(ProjectConfigurationPlatforms) = postSolution
		{5BE4C227-7199-4DA9-B7FA-77FDF3532025}.Debug|Any CPU.ActiveCfg = Debug|Any CPU
		{5BE4C227-7199-4DA9-B7FA-77FDF3532025}.Debug|Any CPU.Build.0 = Debug|Any CPU
		{5BE4C227-7199-4DA9-B7FA-77FDF3532025}.Release|Any CPU.ActiveCfg = Release|Any CPU
		{5BE4C227-7199-4DA9-B7FA-77FDF3532025}.Release|Any CPU.Build.0 = Release|Any CPU
	EndGlobalSection
	GlobalSection(SolutionProperties) = preSolution
		HideSolutionNode = FALSE
	EndGlobalSection
	GlobalSection(ExtensibilityGlobals) = postSolution
		SolutionGuid = {E9EEB5AA-F31F-4B90-93DF-1424D9E70869}
	EndGlobalSection
EndGlobal
